// !$*UTF8*$!
{
	archiveVersion = 1;
	classes = {
	};
	objectVersion = 50;
	objects = {

/* Begin PBXBuildFile section */
		B28B1D4F20B1B6B000D0307D /* CarthageDemoFramework.framework in Frameworks */ = {isa = PBXBuildFile; fileRef = B28B1D4520B1B6B000D0307D /* CarthageDemoFramework.framework */; };
		B28B1D5620B1B6B000D0307D /* CarthageDemoFramework.h in Headers */ = {isa = PBXBuildFile; fileRef = B28B1D4820B1B6B000D0307D /* CarthageDemoFramework.h */; settings = {ATTRIBUTES = (Public, ); }; };
		B28B1D6220B1B6D000D0307D /* PersonTests.swift in Sources */ = {isa = PBXBuildFile; fileRef = B28B1D6120B1B6D000D0307D /* PersonTests.swift */; };
		B28B1D6420B1B6DD00D0307D /* Person.swift in Sources */ = {isa = PBXBuildFile; fileRef = B28B1D6320B1B6DC00D0307D /* Person.swift */; };
		B28B1DA220B1E8D400D0307D /* Drink.swift in Sources */ = {isa = PBXBuildFile; fileRef = B28B1DA120B1E8D400D0307D /* Drink.swift */; };
		B28B1DA420B1E99500D0307D /* DrinkTests.swift in Sources */ = {isa = PBXBuildFile; fileRef = B28B1DA320B1E99500D0307D /* DrinkTests.swift */; };
/* End PBXBuildFile section */

/* Begin PBXContainerItemProxy section */
		B28B1D5020B1B6B000D0307D /* PBXContainerItemProxy */ = {
			isa = PBXContainerItemProxy;
			containerPortal = B28B1D3C20B1B6B000D0307D /* Project object */;
			proxyType = 1;
			remoteGlobalIDString = B28B1D4420B1B6B000D0307D;
			remoteInfo = CarthageDemoFramework;
		};
/* End PBXContainerItemProxy section */

/* Begin PBXFileReference section */
		B28B1D4520B1B6B000D0307D /* CarthageDemoFramework.framework */ = {isa = PBXFileReference; explicitFileType = wrapper.framework; includeInIndex = 0; path = CarthageDemoFramework.framework; sourceTree = BUILT_PRODUCTS_DIR; };
		B28B1D4820B1B6B000D0307D /* CarthageDemoFramework.h */ = {isa = PBXFileReference; lastKnownFileType = sourcecode.c.h; path = CarthageDemoFramework.h; sourceTree = "<group>"; };
		B28B1D4920B1B6B000D0307D /* Info.plist */ = {isa = PBXFileReference; lastKnownFileType = text.plist.xml; path = Info.plist; sourceTree = "<group>"; };
		B28B1D4E20B1B6B000D0307D /* CarthageDemoFrameworkTests.xctest */ = {isa = PBXFileReference; explicitFileType = wrapper.cfbundle; includeInIndex = 0; path = CarthageDemoFrameworkTests.xctest; sourceTree = BUILT_PRODUCTS_DIR; };
		B28B1D5520B1B6B000D0307D /* Info.plist */ = {isa = PBXFileReference; lastKnownFileType = text.plist.xml; path = Info.plist; sourceTree = "<group>"; };
		B28B1D6120B1B6D000D0307D /* PersonTests.swift */ = {isa = PBXFileReference; fileEncoding = 4; lastKnownFileType = sourcecode.swift; path = PersonTests.swift; sourceTree = "<group>"; };
		B28B1D6320B1B6DC00D0307D /* Person.swift */ = {isa = PBXFileReference; fileEncoding = 4; lastKnownFileType = sourcecode.swift; path = Person.swift; sourceTree = "<group>"; };
		B28B1DA120B1E8D400D0307D /* Drink.swift */ = {isa = PBXFileReference; lastKnownFileType = sourcecode.swift; path = Drink.swift; sourceTree = "<group>"; };
		B28B1DA320B1E99500D0307D /* DrinkTests.swift */ = {isa = PBXFileReference; lastKnownFileType = sourcecode.swift; path = DrinkTests.swift; sourceTree = "<group>"; };
/* End PBXFileReference section */

/* Begin PBXFrameworksBuildPhase section */
		B28B1D4120B1B6B000D0307D /* Frameworks */ = {
			isa = PBXFrameworksBuildPhase;
			buildActionMask = 2147483647;
			files = (
			);
			runOnlyForDeploymentPostprocessing = 0;
		};
		B28B1D4B20B1B6B000D0307D /* Frameworks */ = {
			isa = PBXFrameworksBuildPhase;
			buildActionMask = 2147483647;
			files = (
				B28B1D4F20B1B6B000D0307D /* CarthageDemoFramework.framework in Frameworks */,
			);
			runOnlyForDeploymentPostprocessing = 0;
		};
/* End PBXFrameworksBuildPhase section */

/* Begin PBXGroup section */
		B28B1D3B20B1B6B000D0307D = {
			isa = PBXGroup;
			children = (
				B28B1D4720B1B6B000D0307D /* CarthageDemoFramework */,
				B28B1D5220B1B6B000D0307D /* CarthageDemoFrameworkTests */,
				B28B1D4620B1B6B000D0307D /* Products */,
			);
			sourceTree = "<group>";
		};
		B28B1D4620B1B6B000D0307D /* Products */ = {
			isa = PBXGroup;
			children = (
				B28B1D4520B1B6B000D0307D /* CarthageDemoFramework.framework */,
				B28B1D4E20B1B6B000D0307D /* CarthageDemoFrameworkTests.xctest */,
			);
			name = Products;
			sourceTree = "<group>";
		};
		B28B1D4720B1B6B000D0307D /* CarthageDemoFramework */ = {
			isa = PBXGroup;
			children = (
				B28B1D4820B1B6B000D0307D /* CarthageDemoFramework.h */,
				B28B1D6320B1B6DC00D0307D /* Person.swift */,
				B28B1DA120B1E8D400D0307D /* Drink.swift */,
				B28B1D4920B1B6B000D0307D /* Info.plist */,
			);
			path = CarthageDemoFramework;
			sourceTree = "<group>";
		};
		B28B1D5220B1B6B000D0307D /* CarthageDemoFrameworkTests */ = {
			isa = PBXGroup;
			children = (
				B28B1D6120B1B6D000D0307D /* PersonTests.swift */,
				B28B1DA320B1E99500D0307D /* DrinkTests.swift */,
				B28B1D5520B1B6B000D0307D /* Info.plist */,
			);
			path = CarthageDemoFrameworkTests;
			sourceTree = "<group>";
		};
/* End PBXGroup section */

/* Begin PBXHeadersBuildPhase section */
		B28B1D4220B1B6B000D0307D /* Headers */ = {
			isa = PBXHeadersBuildPhase;
			buildActionMask = 2147483647;
			files = (
				B28B1D5620B1B6B000D0307D /* CarthageDemoFramework.h in Headers */,
			);
			runOnlyForDeploymentPostprocessing = 0;
		};
/* End PBXHeadersBuildPhase section */

/* Begin PBXNativeTarget section */
		B28B1D4420B1B6B000D0307D /* CarthageDemoFramework */ = {
			isa = PBXNativeTarget;
			buildConfigurationList = B28B1D5920B1B6B000D0307D /* Build configuration list for PBXNativeTarget "CarthageDemoFramework" */;
			buildPhases = (
				B28B1D4020B1B6B000D0307D /* Sources */,
				B28B1D4120B1B6B000D0307D /* Frameworks */,
				B28B1D4220B1B6B000D0307D /* Headers */,
				B28B1D4320B1B6B000D0307D /* Resources */,
			);
			buildRules = (
			);
			dependencies = (
			);
			name = CarthageDemoFramework;
			productName = CarthageDemoFramework;
			productReference = B28B1D4520B1B6B000D0307D /* CarthageDemoFramework.framework */;
			productType = "com.apple.product-type.framework";
		};
		B28B1D4D20B1B6B000D0307D /* CarthageDemoFrameworkTests */ = {
			isa = PBXNativeTarget;
			buildConfigurationList = B28B1D5C20B1B6B000D0307D /* Build configuration list for PBXNativeTarget "CarthageDemoFrameworkTests" */;
			buildPhases = (
				B28B1D4A20B1B6B000D0307D /* Sources */,
				B28B1D4B20B1B6B000D0307D /* Frameworks */,
				B28B1D4C20B1B6B000D0307D /* Resources */,
			);
			buildRules = (
			);
			dependencies = (
				B28B1D5120B1B6B000D0307D /* PBXTargetDependency */,
			);
			name = CarthageDemoFrameworkTests;
			productName = CarthageDemoFrameworkTests;
			productReference = B28B1D4E20B1B6B000D0307D /* CarthageDemoFrameworkTests.xctest */;
			productType = "com.apple.product-type.bundle.unit-test";
		};
/* End PBXNativeTarget section */

/* Begin PBXProject section */
		B28B1D3C20B1B6B000D0307D /* Project object */ = {
			isa = PBXProject;
			attributes = {
				LastSwiftUpdateCheck = 0930;
				LastUpgradeCheck = 0930;
				ORGANIZATIONNAME = "Matt Glover";
				TargetAttributes = {
					B28B1D4420B1B6B000D0307D = {
						CreatedOnToolsVersion = 9.3;
						LastSwiftMigration = 0930;
					};
					B28B1D4D20B1B6B000D0307D = {
						CreatedOnToolsVersion = 9.3;
					};
				};
			};
			buildConfigurationList = B28B1D3F20B1B6B000D0307D /* Build configuration list for PBXProject "CarthageDemoFramework" */;
			compatibilityVersion = "Xcode 9.3";
			developmentRegion = en;
			hasScannedForEncodings = 0;
			knownRegions = (
				en,
			);
			mainGroup = B28B1D3B20B1B6B000D0307D;
			productRefGroup = B28B1D4620B1B6B000D0307D /* Products */;
			projectDirPath = "";
			projectRoot = "";
			targets = (
				B28B1D4420B1B6B000D0307D /* CarthageDemoFramework */,
				B28B1D4D20B1B6B000D0307D /* CarthageDemoFrameworkTests */,
			);
		};
/* End PBXProject section */

/* Begin PBXResourcesBuildPhase section */
		B28B1D4320B1B6B000D0307D /* Resources */ = {
			isa = PBXResourcesBuildPhase;
			buildActionMask = 2147483647;
			files = (
			);
			runOnlyForDeploymentPostprocessing = 0;
		};
		B28B1D4C20B1B6B000D0307D /* Resources */ = {
			isa = PBXResourcesBuildPhase;
			buildActionMask = 2147483647;
			files = (
			);
			runOnlyForDeploymentPostprocessing = 0;
		};
/* End PBXResourcesBuildPhase section */

/* Begin PBXSourcesBuildPhase section */
		B28B1D4020B1B6B000D0307D /* Sources */ = {
			isa = PBXSourcesBuildPhase;
			buildActionMask = 2147483647;
			files = (
				B28B1DA220B1E8D400D0307D /* Drink.swift in Sources */,
				B28B1D6420B1B6DD00D0307D /* Person.swift in Sources */,
			);
			runOnlyForDeploymentPostprocessing = 0;
		};
		B28B1D4A20B1B6B000D0307D /* Sources */ = {
			isa = PBXSourcesBuildPhase;
			buildActionMask = 2147483647;
			files = (
				B28B1DA420B1E99500D0307D /* DrinkTests.swift in Sources */,
				B28B1D6220B1B6D000D0307D /* PersonTests.swift in Sources */,
			);
			runOnlyForDeploymentPostprocessing = 0;
		};
/* End PBXSourcesBuildPhase section */

/* Begin PBXTargetDependency section */
		B28B1D5120B1B6B000D0307D /* PBXTargetDependency */ = {
			isa = PBXTargetDependency;
			target = B28B1D4420B1B6B000D0307D /* CarthageDemoFramework */;
			targetProxy = B28B1D5020B1B6B000D0307D /* PBXContainerItemProxy */;
		};
/* End PBXTargetDependency section */

/* Begin XCBuildConfiguration section */
		B28B1D5720B1B6B000D0307D /* Debug */ = {
			isa = XCBuildConfiguration;
			buildSettings = {
				ALWAYS_SEARCH_USER_PATHS = NO;
				CLANG_ANALYZER_NONNULL = YES;
				CLANG_ANALYZER_NUMBER_OBJECT_CONVERSION = YES_AGGRESSIVE;
				CLANG_CXX_LANGUAGE_STANDARD = "gnu++14";
				CLANG_CXX_LIBRARY = "libc++";
				CLANG_ENABLE_MODULES = YES;
				CLANG_ENABLE_OBJC_ARC = YES;
				CLANG_ENABLE_OBJC_WEAK = YES;
				CLANG_WARN_BLOCK_CAPTURE_AUTORELEASING = YES;
				CLANG_WARN_BOOL_CONVERSION = YES;
				CLANG_WARN_COMMA = YES;
				CLANG_WARN_CONSTANT_CONVERSION = YES;
				CLANG_WARN_DEPRECATED_OBJC_IMPLEMENTATIONS = YES;
				CLANG_WARN_DIRECT_OBJC_ISA_USAGE = YES_ERROR;
				CLANG_WARN_DOCUMENTATION_COMMENTS = YES;
				CLANG_WARN_EMPTY_BODY = YES;
				CLANG_WARN_ENUM_CONVERSION = YES;
				CLANG_WARN_INFINITE_RECURSION = YES;
				CLANG_WARN_INT_CONVERSION = YES;
				CLANG_WARN_NON_LITERAL_NULL_CONVERSION = YES;
				CLANG_WARN_OBJC_IMPLICIT_RETAIN_SELF = YES;
				CLANG_WARN_OBJC_LITERAL_CONVERSION = YES;
				CLANG_WARN_OBJC_ROOT_CLASS = YES_ERROR;
				CLANG_WARN_RANGE_LOOP_ANALYSIS = YES;
				CLANG_WARN_STRICT_PROTOTYPES = YES;
				CLANG_WARN_SUSPICIOUS_MOVE = YES;
				CLANG_WARN_UNGUARDED_AVAILABILITY = YES_AGGRESSIVE;
				CLANG_WARN_UNREACHABLE_CODE = YES;
				CLANG_WARN__DUPLICATE_METHOD_MATCH = YES;
				CODE_SIGN_IDENTITY = "iPhone Developer";
				COPY_PHASE_STRIP = NO;
				CURRENT_PROJECT_VERSION = 1;
				DEBUG_INFORMATION_FORMAT = dwarf;
				ENABLE_STRICT_OBJC_MSGSEND = YES;
				ENABLE_TESTABILITY = YES;
				GCC_C_LANGUAGE_STANDARD = gnu11;
				GCC_DYNAMIC_NO_PIC = NO;
				GCC_NO_COMMON_BLOCKS = YES;
				GCC_OPTIMIZATION_LEVEL = 0;
				GCC_PREPROCESSOR_DEFINITIONS = (
					"DEBUG=1",
					"$(inherited)",
				);
				GCC_WARN_64_TO_32_BIT_CONVERSION = YES;
				GCC_WARN_ABOUT_RETURN_TYPE = YES_ERROR;
				GCC_WARN_UNDECLARED_SELECTOR = YES;
				GCC_WARN_UNINITIALIZED_AUTOS = YES_AGGRESSIVE;
				GCC_WARN_UNUSED_FUNCTION = YES;
				GCC_WARN_UNUSED_VARIABLE = YES;
				IPHONEOS_DEPLOYMENT_TARGET = 11.3;
				MTL_ENABLE_DEBUG_INFO = YES;
				ONLY_ACTIVE_ARCH = YES;
				SDKROOT = iphoneos;
				SWIFT_ACTIVE_COMPILATION_CONDITIONS = DEBUG;
				SWIFT_OPTIMIZATION_LEVEL = "-Onone";
				VERSIONING_SYSTEM = "apple-generic";
				VERSION_INFO_PREFIX = "";
			};
			name = Debug;
		};
		B28B1D5820B1B6B000D0307D /* Release */ = {
			isa = XCBuildConfiguration;
			buildSettings = {
				ALWAYS_SEARCH_USER_PATHS = NO;
				CLANG_ANALYZER_NONNULL = YES;
				CLANG_ANALYZER_NUMBER_OBJECT_CONVERSION = YES_AGGRESSIVE;
				CLANG_CXX_LANGUAGE_STANDARD = "gnu++14";
				CLANG_CXX_LIBRARY = "libc++";
				CLANG_ENABLE_MODULES = YES;
				CLANG_ENABLE_OBJC_ARC = YES;
				CLANG_ENABLE_OBJC_WEAK = YES;
				CLANG_WARN_BLOCK_CAPTURE_AUTORELEASING = YES;
				CLANG_WARN_BOOL_CONVERSION = YES;
				CLANG_WARN_COMMA = YES;
				CLANG_WARN_CONSTANT_CONVERSION = YES;
				CLANG_WARN_DEPRECATED_OBJC_IMPLEMENTATIONS = YES;
				CLANG_WARN_DIRECT_OBJC_ISA_USAGE = YES_ERROR;
				CLANG_WARN_DOCUMENTATION_COMMENTS = YES;
				CLANG_WARN_EMPTY_BODY = YES;
				CLANG_WARN_ENUM_CONVERSION = YES;
				CLANG_WARN_INFINITE_RECURSION = YES;
				CLANG_WARN_INT_CONVERSION = YES;
				CLANG_WARN_NON_LITERAL_NULL_CONVERSION = YES;
				CLANG_WARN_OBJC_IMPLICIT_RETAIN_SELF = YES;
				CLANG_WARN_OBJC_LITERAL_CONVERSION = YES;
				CLANG_WARN_OBJC_ROOT_CLASS = YES_ERROR;
				CLANG_WARN_RANGE_LOOP_ANALYSIS = YES;
				CLANG_WARN_STRICT_PROTOTYPES = YES;
				CLANG_WARN_SUSPICIOUS_MOVE = YES;
				CLANG_WARN_UNGUARDED_AVAILABILITY = YES_AGGRESSIVE;
				CLANG_WARN_UNREACHABLE_CODE = YES;
				CLANG_WARN__DUPLICATE_METHOD_MATCH = YES;
				CODE_SIGN_IDENTITY = "iPhone Developer";
				COPY_PHASE_STRIP = NO;
				CURRENT_PROJECT_VERSION = 1;
				DEBUG_INFORMATION_FORMAT = "dwarf-with-dsym";
				ENABLE_NS_ASSERTIONS = NO;
				ENABLE_STRICT_OBJC_MSGSEND = YES;
				GCC_C_LANGUAGE_STANDARD = gnu11;
				GCC_NO_COMMON_BLOCKS = YES;
				GCC_WARN_64_TO_32_BIT_CONVERSION = YES;
				GCC_WARN_ABOUT_RETURN_TYPE = YES_ERROR;
				GCC_WARN_UNDECLARED_SELECTOR = YES;
				GCC_WARN_UNINITIALIZED_AUTOS = YES_AGGRESSIVE;
				GCC_WARN_UNUSED_FUNCTION = YES;
				GCC_WARN_UNUSED_VARIABLE = YES;
				IPHONEOS_DEPLOYMENT_TARGET = 11.3;
				MTL_ENABLE_DEBUG_INFO = NO;
				SDKROOT = iphoneos;
				SWIFT_COMPILATION_MODE = wholemodule;
				SWIFT_OPTIMIZATION_LEVEL = "-O";
				VALIDATE_PRODUCT = YES;
				VERSIONING_SYSTEM = "apple-generic";
				VERSION_INFO_PREFIX = "";
			};
			name = Release;
		};
		B28B1D5A20B1B6B000D0307D /* Debug */ = {
			isa = XCBuildConfiguration;
			buildSettings = {
				CLANG_ENABLE_MODULES = YES;
				CODE_SIGN_IDENTITY = "";
				CODE_SIGN_STYLE = Automatic;
				DEFINES_MODULE = YES;
				DEVELOPMENT_TEAM = XR88US5DG4;
				DYLIB_COMPATIBILITY_VERSION = 1;
				DYLIB_CURRENT_VERSION = 1;
				DYLIB_INSTALL_NAME_BASE = "@rpath";
				INFOPLIST_FILE = CarthageDemoFramework/Info.plist;
				INSTALL_PATH = "$(LOCAL_LIBRARY_DIR)/Frameworks";
				LD_RUNPATH_SEARCH_PATHS = (
					"$(inherited)",
					"@executable_path/Frameworks",
					"@loader_path/Frameworks",
				);
				PRODUCT_BUNDLE_IDENTIFIER = com.duchysoftware.CarthageDemoFramework;
				PRODUCT_NAME = "$(TARGET_NAME:c99extidentifier)";
				SKIP_INSTALL = YES;
				SWIFT_OPTIMIZATION_LEVEL = "-Onone";
				SWIFT_VERSION = 4.0;
				TARGETED_DEVICE_FAMILY = "1,2";
			};
			name = Debug;
		};
		B28B1D5B20B1B6B000D0307D /* Release */ = {
			isa = XCBuildConfiguration;
			buildSettings = {
				CLANG_ENABLE_MODULES = YES;
				CODE_SIGN_IDENTITY = "";
				CODE_SIGN_STYLE = Automatic;
				DEFINES_MODULE = YES;
				DEVELOPMENT_TEAM = XR88US5DG4;
				DYLIB_COMPATIBILITY_VERSION = 1;
				DYLIB_CURRENT_VERSION = 1;
				DYLIB_INSTALL_NAME_BASE = "@rpath";
				INFOPLIST_FILE = CarthageDemoFramework/Info.plist;
				INSTALL_PATH = "$(LOCAL_LIBRARY_DIR)/Frameworks";
				LD_RUNPATH_SEARCH_PATHS = (
					"$(inherited)",
					"@executable_path/Frameworks",
					"@loader_path/Frameworks",
				);
				PRODUCT_BUNDLE_IDENTIFIER = com.duchysoftware.CarthageDemoFramework;
				PRODUCT_NAME = "$(TARGET_NAME:c99extidentifier)";
				SKIP_INSTALL = YES;
				SWIFT_VERSION = 4.0;
				TARGETED_DEVICE_FAMILY = "1,2";
			};
			name = Release;
		};
		B28B1D5D20B1B6B000D0307D /* Debug */ = {
			isa = XCBuildConfiguration;
			buildSettings = {
				ALWAYS_EMBED_SWIFT_STANDARD_LIBRARIES = YES;
				CODE_SIGN_STYLE = Automatic;
				DEVELOPMENT_TEAM = XR88US5DG4;
				INFOPLIST_FILE = CarthageDemoFrameworkTests/Info.plist;
				LD_RUNPATH_SEARCH_PATHS = (
					"$(inherited)",
					"@executable_path/Frameworks",
					"@loader_path/Frameworks",
				);
				PRODUCT_BUNDLE_IDENTIFIER = com.duchysoftware.CarthageDemoFrameworkTests;
				PRODUCT_NAME = "$(TARGET_NAME)";
				SWIFT_VERSION = 4.0;
				TARGETED_DEVICE_FAMILY = "1,2";
			};
			name = Debug;
		};
		B28B1D5E20B1B6B000D0307D /* Release */ = {
			isa = XCBuildConfiguration;
			buildSettings = {
				ALWAYS_EMBED_SWIFT_STANDARD_LIBRARIES = YES;
				CODE_SIGN_STYLE = Automatic;
				DEVELOPMENT_TEAM = XR88US5DG4;
				INFOPLIST_FILE = CarthageDemoFrameworkTests/Info.plist;
				LD_RUNPATH_SEARCH_PATHS = (
					"$(inherited)",
					"@executable_path/Frameworks",
					"@loader_path/Frameworks",
				);
				PRODUCT_BUNDLE_IDENTIFIER = com.duchysoftware.CarthageDemoFrameworkTests;
				PRODUCT_NAME = "$(TARGET_NAME)";
				SWIFT_VERSION = 4.0;
				TARGETED_DEVICE_FAMILY = "1,2";
			};
			name = Release;
		};
/* End XCBuildConfiguration section */

/* Begin XCConfigurationList section */
		B28B1D3F20B1B6B000D0307D /* Build configuration list for PBXProject "CarthageDemoFramework" */ = {
			isa = XCConfigurationList;
			buildConfigurations = (
				B28B1D5720B1B6B000D0307D /* Debug */,
				B28B1D5820B1B6B000D0307D /* Release */,
			);
			defaultConfigurationIsVisible = 0;
			defaultConfigurationName = Release;
		};
		B28B1D5920B1B6B000D0307D /* Build configuration list for PBXNativeTarget "CarthageDemoFramework" */ = {
			isa = XCConfigurationList;
			buildConfigurations = (
				B28B1D5A20B1B6B000D0307D /* Debug */,
				B28B1D5B20B1B6B000D0307D /* Release */,
			);
			defaultConfigurationIsVisible = 0;
			defaultConfigurationName = Release;
		};
		B28B1D5C20B1B6B000D0307D /* Build configuration list for PBXNativeTarget "CarthageDemoFrameworkTests" */ = {
			isa = XCConfigurationList;
			buildConfigurations = (
				B28B1D5D20B1B6B000D0307D /* Debug */,
				B28B1D5E20B1B6B000D0307D /* Release */,
			);
			defaultConfigurationIsVisible = 0;
			defaultConfigurationName = Release;
		};
/* End XCConfigurationList section */
	};
	rootObject = B28B1D3C20B1B6B000D0307D /* Project object */;
}
